{
  "pins" : [
    {
      "identity" : "horizoncalendar",
      "kind" : "remoteSourceControl",
      "location" : "https://github.com/airbnb/HorizonCalendar.git",
      "state" : {
        "branch" : "master",
        "revision" : "a569fbc2f613143de0654f7fec3dafd439c1125d"
      }
    },
    {
      "identity" : "sfsymbolspickerforswiftui",
      "kind" : "remoteSourceControl",
      "location" : "https://github.com/alessiorubicini/SFSymbolsPickerForSwiftUI.git",
      "state" : {
        "revision" : "c705f81d976cab06e9d8e5d460b5265d7f826a6b",
        "version" : "1.0.3"
      }
    },
    {
      "identity" : "swift-algorithms",
      "kind" : "remoteSourceControl",
      "location" : "https://github.com/apple/swift-algorithms.git",
      "state" : {
        "revision" : "bcd4f369ac962bc3e5244c9df778739f8f5bdbf1",
        "version" : "1.1.0"
      }
    },
    {
      "identity" : "swift-numerics",
      "kind" : "remoteSourceControl",
      "location" : "https://github.com/apple/swift-numerics.git",
      "state" : {
        "revision" : "0a5bc04095a675662cf24757cc0640aa2204253b",
        "version" : "1.0.2"
      }
    },
    {
      "identity" : "swiftui-introspect",
      "kind" : "remoteSourceControl",
      "location" : "https://github.com/siteline/SwiftUI-Introspect.git",
      "state" : {
        "revision" : "9e1cc02a65b22e09a8251261cccbccce02731fc5",
        "version" : "1.1.1"
      }
    },
    {
      "identity" : "swipeable-view",
      "kind" : "remoteSourceControl",
      "location" : "https://github.com/mroffmix/Swipeable-View.git",
      "state" : {
        "revision" : "1d2b22b0c97dbd5ac9e4cb16020ff5d0f4191760",
        "version" : "0.2.2"
      }
    },
    {
      "identity" : "symbolpicker",
      "kind" : "remoteSourceControl",
      "location" : "https://github.com/xnth97/SymbolPicker.git",
      "state" : {
        "revision" : "e0601230feea4289760c0e5b68dbafa15aa59bfb",
        "version" : "1.5.1"
      }
    },
    {
      "identity" : "systemimagepicker",
      "kind" : "remoteSourceControl",
      "location" : "https://github.com/sbertix/SystemImagePicker.git",
      "state" : {
        "revision" : "d03c81b326107a267e9644b31ee415cee072130c",
        "version" : "0.1.0"
      }
    }
  ],
  "version" : 2
}
